
Microsoft Visual Studio Solution File, Format Version 12.00
# Visual Studio Version 16
VisualStudioVersion = 16.0.29709.97
MinimumVisualStudioVersion = 10.0.40219.1
Project("{9A19103F-16F7-4668-BE54-9A1E7A4F7556}") = "Task5.Core", "Task5.Core\Task5.Core.csproj", "{FFEE0006-D415-48B9-88D5-7AB3DEF37C2C}"
EndProject
Project("{FAE04EC0-301F-11D3-BF4B-00C04F79EFBC}") = "Task5.DataAccess", "Task5.DataAccess\Task5.DataAccess.csproj", "{F3AA5EE9-4F82-431B-8C20-D24577649FDC}"
EndProject
Project("{FAE04EC0-301F-11D3-BF4B-00C04F79EFBC}") = "Task5.Api", "Task5.Api\Task5.Api.csproj", "{05F028D9-666C-4ED2-91BE-E5AF2F60D1B3}"
EndProject
Project("{FAE04EC0-301F-11D3-BF4B-00C04F79EFBC}") = "Task5.Web", "Task5.Web\Task5.Web.csproj", "{F12E46FA-8624-466D-BFBD-9FDA93B4F620}"
EndProject
Global
	GlobalSection(SolutionConfigurationPlatforms) = preSolution
		Debug|Any CPU = Debug|Any CPU
		Release|Any CPU = Release|Any CPU
	EndGlobalSection
	GlobalSection(ProjectConfigurationPlatforms) = postSolution
		{FFEE0006-D415-48B9-88D5-7AB3DEF37C2C}.Debug|Any CPU.ActiveCfg = Debug|Any CPU
		{FFEE0006-D415-48B9-88D5-7AB3DEF37C2C}.Debug|Any CPU.Build.0 = Debug|Any CPU
		{FFEE0006-D415-48B9-88D5-7AB3DEF37C2C}.Release|Any CPU.ActiveCfg = Release|Any CPU
		{FFEE0006-D415-48B9-88D5-7AB3DEF37C2C}.Release|Any CPU.Build.0 = Release|Any CPU
		{F3AA5EE9-4F82-431B-8C20-D24577649FDC}.Debug|Any CPU.ActiveCfg = Debug|Any CPU
		{F3AA5EE9-4F82-431B-8C20-D24577649FDC}.Debug|Any CPU.Build.0 = Debug|Any CPU
		{F3AA5EE9-4F82-431B-8C20-D24577649FDC}.Release|Any CPU.ActiveCfg = Release|Any CPU
		{F3AA5EE9-4F82-431B-8C20-D24577649FDC}.Release|Any CPU.Build.0 = Release|Any CPU
		{05F028D9-666C-4ED2-91BE-E5AF2F60D1B3}.Debug|Any CPU.ActiveCfg = Debug|Any CPU
		{05F028D9-666C-4ED2-91BE-E5AF2F60D1B3}.Debug|Any CPU.Build.0 = Debug|Any CPU
		{05F028D9-666C-4ED2-91BE-E5AF2F60D1B3}.Release|Any CPU.ActiveCfg = Release|Any CPU
		{05F028D9-666C-4ED2-91BE-E5AF2F60D1B3}.Release|Any CPU.Build.0 = Release|Any CPU
		{F12E46FA-8624-466D-BFBD-9FDA93B4F620}.Debug|Any CPU.ActiveCfg = Debug|Any CPU
		{F12E46FA-8624-466D-BFBD-9FDA93B4F620}.Debug|Any CPU.Build.0 = Debug|Any CPU
		{F12E46FA-8624-466D-BFBD-9FDA93B4F620}.Release|Any CPU.ActiveCfg = Release|Any CPU
		{F12E46FA-8624-466D-BFBD-9FDA93B4F620}.Release|Any CPU.Build.0 = Release|Any CPU
	EndGlobalSection
	GlobalSection(SolutionProperties) = preSolution
		HideSolutionNode = FALSE
	EndGlobalSection
	GlobalSection(ExtensibilityGlobals) = postSolution
		SolutionGuid = {FA15CC94-7592-437F-85A6-76689BAEC31D}
	EndGlobalSection
EndGlobal
